
Microsoft Visual Studio Solution File, Format Version 12.00
# Visual Studio Version 17
VisualStudioVersion = 17.1.32228.430
MinimumVisualStudioVersion = 10.0.40219.1
Project("{F184B08F-C81C-45F6-A57F-5ABD9991F28F}") = "Video_10", "Video_10\Video_10.vbproj", "{2F1E1B65-6ADC-489F-A7C3-736FCCA66999}"
EndProject
Global
	GlobalSection(SolutionConfigurationPlatforms) = preSolution
		Debug|Any CPU = Debug|Any CPU
		Release|Any CPU = Release|Any CPU
	EndGlobalSection
	GlobalSection(ProjectConfigurationPlatforms) = postSolution
		{2F1E1B65-6ADC-489F-A7C3-736FCCA66999}.Debug|Any CPU.ActiveCfg = Debug|Any CPU
		{2F1E1B65-6ADC-489F-A7C3-736FCCA66999}.Debug|Any CPU.Build.0 = Debug|Any CPU
		{2F1E1B65-6ADC-489F-A7C3-736FCCA66999}.Release|Any CPU.ActiveCfg = Release|Any CPU
		{2F1E1B65-6ADC-489F-A7C3-736FCCA66999}.Release|Any CPU.Build.0 = Release|Any CPU
	EndGlobalSection
	GlobalSection(SolutionProperties) = preSolution
		HideSolutionNode = FALSE
	EndGlobalSection
	GlobalSection(ExtensibilityGlobals) = postSolution
		SolutionGuid = {7F7453F7-35E2-4FA2-B3CA-C46C19A20212}
	EndGlobalSection
EndGlobal
